{
    "_readme": [
        "This file locks the dependencies of your project to a known state",
        "Read more about it at https://getcomposer.org/doc/01-basic-usage.md#installing-dependencies",
        "This file is @generated automatically"
    ],
    "content-hash": "b68693d3734515e9a49e9a8fe2683075",
    "packages": [
        {
            "name": "balint-horvath/dotenv-php",
            "version": "1.0.0",
            "source": {
                "type": "git",
                "url": "https://github.com/balint-horvath/dotenv-php.git",
                "reference": "8a7098e6915e4948466d0b3c075509c3a26dac07"
            },
            "dist": {
                "type": "zip",
                "url": "https://api.github.com/repos/balint-horvath/dotenv-php/zipball/8a7098e6915e4948466d0b3c075509c3a26dac07",
                "reference": "8a7098e6915e4948466d0b3c075509c3a26dac07",
                "shasum": ""
            },
            "require": {
                "php": ">=7.0"
            },
            "require-dev": {
                "kahlan/kahlan": "^4.0"
            },
            "type": "library",
            "autoload": {
                "psr-4": {
                    "BalintHorvath\\DotEnv\\": "src/"
                }
            },
            "notification-url": "https://packagist.org/downloads/",
            "license": [
                "Apache-2.0"
            ],
            "authors": [
                {
                    "name": "Bálint Horváth",
                    "email": "balint@balint.digital"
                }
            ],
            "description": "Simple .env file parser and ENV loader (.env to getenv() and $_ENV) based on standard PHP INI parser (parse_ini_file).",
            "support": {
                "issues": "https://github.com/balint-horvath/dotenv-php/issues",
                "source": "https://github.com/balint-horvath/dotenv-php/tree/master"
            },
            "time": "2017-10-23T19:30:01+00:00"
        },
        {
            "name": "pecee/simple-router",
            "version": "4.3.7.2",
            "source": {
                "type": "git",
                "url": "https://github.com/skipperbent/simple-php-router.git",
                "reference": "032a2ae7e0e2d876599758f85b61bc965a63ea7c"
            },
            "dist": {
                "type": "zip",
                "url": "https://api.github.com/repos/skipperbent/simple-php-router/zipball/032a2ae7e0e2d876599758f85b61bc965a63ea7c",
                "reference": "032a2ae7e0e2d876599758f85b61bc965a63ea7c",
                "shasum": ""
            },
            "require": {
                "ext-json": "*",
                "php": ">=7.1"
            },
            "require-dev": {
                "mockery/mockery": "^1",
                "phpstan/phpstan": "^0",
                "phpstan/phpstan-deprecation-rules": "^0",
                "phpstan/phpstan-phpunit": "^0",
                "phpstan/phpstan-strict-rules": "^0",
                "phpunit/phpunit": "^7"
            },
            "type": "library",
            "autoload": {
                "psr-4": {
                    "Pecee\\": "src/Pecee/"
                }
            },
            "notification-url": "https://packagist.org/downloads/",
            "license": [
                "MIT"
            ],
            "authors": [
                {
                    "name": "Simon Sessingø",
                    "email": "simon.sessingoe@gmail.com"
                }
            ],
            "description": "Simple, fast PHP router that is easy to get integrated and in almost any project. Heavily inspired by the Laravel router.",
            "keywords": [
                "framework",
                "input-handler",
                "laravel",
                "pecee",
                "php",
                "request-handler",
                "route",
                "router",
                "routing",
                "routing-engine",
                "simple-php-router",
                "url-handling"
            ],
            "support": {
                "issues": "https://github.com/skipperbent/simple-php-router/issues",
                "source": "https://github.com/skipperbent/simple-php-router/issues"
            },
            "time": "2021-07-17T23:45:36+00:00"
        },
        {
            "name": "tommyknocker/pdo-database-class",
            "version": "1.1.1",
            "source": {
                "type": "git",
                "url": "https://github.com/tommyknocker/pdo-database-class.git",
                "reference": "c7c8c1d679d96e1fa68fda7970f0d11408825d15"
            },
            "dist": {
                "type": "zip",
                "url": "https://api.github.com/repos/tommyknocker/pdo-database-class/zipball/c7c8c1d679d96e1fa68fda7970f0d11408825d15",
                "reference": "c7c8c1d679d96e1fa68fda7970f0d11408825d15",
                "shasum": ""
            },
            "require": {
                "ext-pdo": "*",
                "php": ">=5.5.0"
            },
            "require-dev": {
                "phpunit/phpunit": "^5.0"
            },
            "type": "library",
            "autoload": {
                "files": [
                    "PDODb.php"
                ]
            },
            "notification-url": "https://packagist.org/downloads/",
            "license": [
                "LGPL-3.0"
            ],
            "authors": [
                {
                    "name": "Vasiliy A. Ulin",
                    "email": "ulin.vasiliy@gmail.com",
                    "homepage": "http://mysrv.ru",
                    "role": "Developer"
                }
            ],
            "description": "PHP PDO Wrapper which utilizes PDO and prepared statements",
            "homepage": "https://github.com/tommyknocker/pdo-database-class",
            "keywords": [
                "database",
                "mssql",
                "mysql",
                "pdo",
                "pdo_dblib",
                "postgresql",
                "sqlite"
            ],
            "support": {
                "issues": "https://github.com/tommyknocker/pdo-database-class/issues",
                "source": "https://github.com/tommyknocker/pdo-database-class/tree/v1.1.1"
            },
            "time": "2021-12-20T03:49:18+00:00"
        }
    ],
    "packages-dev": [],
    "aliases": [],
    "minimum-stability": "stable",
    "stability-flags": [],
    "prefer-stable": false,
    "prefer-lowest": false,
    "platform": [],
    "platform-dev": [],
    "plugin-api-version": "2.2.0"
}
